
Microsoft Visual Studio Solution File, Format Version 12.00
# Visual Studio Version 16
VisualStudioVersion = 16.0.30804.86
MinimumVisualStudioVersion = 10.0.40219.1
Project("{FAE04EC0-301F-11D3-BF4B-00C04F79EFBC}") = "WEBPC", "WEBPC\WEBPC.csproj", "{BD9BD102-290A-4C37-97F0-E3213AE537AB}"
EndProject
Global
	GlobalSection(SolutionConfigurationPlatforms) = preSolution
		Debug|Any CPU = Debug|Any CPU
		Release|Any CPU = Release|Any CPU
	EndGlobalSection
	GlobalSection(ProjectConfigurationPlatforms) = postSolution
		{BD9BD102-290A-4C37-97F0-E3213AE537AB}.Debug|Any CPU.ActiveCfg = Debug|Any CPU
		{BD9BD102-290A-4C37-97F0-E3213AE537AB}.Debug|Any CPU.Build.0 = Debug|Any CPU
		{BD9BD102-290A-4C37-97F0-E3213AE537AB}.Release|Any CPU.ActiveCfg = Release|Any CPU
		{BD9BD102-290A-4C37-97F0-E3213AE537AB}.Release|Any CPU.Build.0 = Release|Any CPU
	EndGlobalSection
	GlobalSection(SolutionProperties) = preSolution
		HideSolutionNode = FALSE
	EndGlobalSection
	GlobalSection(ExtensibilityGlobals) = postSolution
		SolutionGuid = {AAB82828-593F-40D8-885E-4377ECE994A7}
	EndGlobalSection
EndGlobal
